dependencies:
- name: common
  repository: https://charts.bitnami.com/bitnami
  version: 2.31.4
- name: prometheus-pushgateway
  repository: https://prometheus-community.github.io/helm-charts
  version: 3.4.1
- name: kube-prometheus-stack
  repository: https://prometheus-community.github.io/helm-charts
  version: 77.6.0
- name: loki
  repository: https://grafana.github.io/helm-charts
  version: 6.39.0
- name: alloy
  repository: https://grafana.github.io/helm-charts
  version: 1.2.1
digest: sha256:09416fc004967a13deca4ebdf773629e0a3eef8a07a1b773eea86931089d210d
generated: "2025-09-09T20:23:16.601204+02:00"
